
Microsoft Visual Studio Solution File, Format Version 12.00
# Visual Studio Version 16
VisualStudioVersion = 16.0.30225.117
MinimumVisualStudioVersion = 10.0.40219.1
Project("{FAE04EC0-301F-11D3-BF4B-00C04F79EFBC}") = "Overlayer", "Overlayer\Overlayer.csproj", "{FE3F5060-7D71-453E-8541-EFC0B0D2994A}"
EndProject
Global
	GlobalSection(SolutionConfigurationPlatforms) = preSolution
		Debug|Any CPU = Debug|Any CPU
		Release|Any CPU = Release|Any CPU
	EndGlobalSection
	GlobalSection(ProjectConfigurationPlatforms) = postSolution
		{FE3F5060-7D71-453E-8541-EFC0B0D2994A}.Debug|Any CPU.ActiveCfg = Debug|Any CPU
		{FE3F5060-7D71-453E-8541-EFC0B0D2994A}.Debug|Any CPU.Build.0 = Debug|Any CPU
		{FE3F5060-7D71-453E-8541-EFC0B0D2994A}.Release|Any CPU.ActiveCfg = Release|Any CPU
		{FE3F5060-7D71-453E-8541-EFC0B0D2994A}.Release|Any CPU.Build.0 = Release|Any CPU
	EndGlobalSection
	GlobalSection(SolutionProperties) = preSolution
		HideSolutionNode = FALSE
	EndGlobalSection
	GlobalSection(ExtensibilityGlobals) = postSolution
		SolutionGuid = {E518ED7C-6CD2-4871-BCB5-5B99D44E22E4}
	EndGlobalSection
EndGlobal
